{
  "name": "ev-charger-route-planner",
  "lockfileVersion": 2,
  "requires": true,
  "packages": {
    "": {
      "dependencies": {
        "class-transformer": "^0.5.1"
      },
      "devDependencies": {
        "@faker-js/faker": "^6.0.0",
        "axios-mock-adapter": "^1.20.0"
      }
    },
    "node_modules/@faker-js/faker": {
      "version": "6.0.0",
      "resolved": "https://registry.npmjs.org/@faker-js/faker/-/faker-6.0.0.tgz",
      "integrity": "sha512-10zLCKhp3YEmBuko71ivcMoIZcCLXgQVck6aNswX+AWwaek/L8S3yz9i8m3tHigRkcF6F2vI+qtdtyySHK+bGA==",
      "dev": true,
      "engines": {
        "node": ">=14.0.0",
        "npm": ">=7.0.0"
      }
    },
    "node_modules/axios": {
      "version": "0.26.1",
      "resolved": "https://registry.npmjs.org/axios/-/axios-0.26.1.tgz",
      "integrity": "sha512-fPwcX4EvnSHuInCMItEhAGnaSEXRBjtzh9fOtsE6E1G6p7vl7edEeZe11QHf18+6+9gR5PbKV/sGKNaD8YaMeA==",
      "dev": true,
      "peer": true,
      "dependencies": {
        "follow-redirects": "^1.14.8"
      }
    },
    "node_modules/axios-mock-adapter": {
      "version": "1.20.0",
      "resolved": "https://registry.npmjs.org/axios-mock-adapter/-/axios-mock-adapter-1.20.0.tgz",
      "integrity": "sha512-shZRhTjLP0WWdcvHKf3rH3iW9deb3UdKbdnKUoHmmsnBhVXN3sjPJM6ZvQ2r/ywgvBVQrMnjrSyQab60G1sr2w==",
      "dev": true,
      "dependencies": {
        "fast-deep-equal": "^3.1.3",
        "is-blob": "^2.1.0",
        "is-buffer": "^2.0.5"
      },
      "peerDependencies": {
        "axios": ">= 0.9.0"
      }
    },
    "node_modules/class-transformer": {
      "version": "0.5.1",
      "resolved": "https://registry.npmjs.org/class-transformer/-/class-transformer-0.5.1.tgz",
      "integrity": "sha512-SQa1Ws6hUbfC98vKGxZH3KFY0Y1lm5Zm0SY8XX9zbK7FJCyVEac3ATW0RIpwzW+oOfmHE5PMPufDG9hCfoEOMw=="
    },
    "node_modules/fast-deep-equal": {
      "version": "3.1.3",
      "resolved": "https://registry.npmjs.org/fast-deep-equal/-/fast-deep-equal-3.1.3.tgz",
      "integrity": "sha512-f3qQ9oQy9j2AhBe/H9VC91wLmKBCCU/gDOnKNAYG5hswO7BLKj09Hc5HYNz9cGI++xlpDCIgDaitVs03ATR84Q==",
      "dev": true
    },
    "node_modules/follow-redirects": {
      "version": "1.14.9",
      "resolved": "https://registry.npmjs.org/follow-redirects/-/follow-redirects-1.14.9.tgz",
      "integrity": "sha512-MQDfihBQYMcyy5dhRDJUHcw7lb2Pv/TuE6xP1vyraLukNDHKbDxDNaOE3NbCAdKQApno+GPRyo1YAp89yCjK4w==",
      "dev": true,
      "funding": [
        {
          "type": "individual",
          "url": "https://github.com/sponsors/RubenVerborgh"
        }
      ],
      "peer": true,
      "engines": {
        "node": ">=4.0"
      },
      "peerDependenciesMeta": {
        "debug": {
          "optional": true
        }
      }
    },
    "node_modules/is-blob": {
      "version": "2.1.0",
      "resolved": "https://registry.npmjs.org/is-blob/-/is-blob-2.1.0.tgz",
      "integrity": "sha512-SZ/fTft5eUhQM6oF/ZaASFDEdbFVe89Imltn9uZr03wdKMcWNVYSMjQPFtg05QuNkt5l5c135ElvXEQG0rk4tw==",
      "dev": true,
      "engines": {
        "node": ">=6"
      },
      "funding": {
        "url": "https://github.com/sponsors/sindresorhus"
      }
    },
    "node_modules/is-buffer": {
      "version": "2.0.5",
      "resolved": "https://registry.npmjs.org/is-buffer/-/is-buffer-2.0.5.tgz",
      "integrity": "sha512-i2R6zNFDwgEHJyQUtJEk0XFi1i0dPFn/oqjK3/vPCcDeJvW5NQ83V8QbicfF1SupOaB0h8ntgBC2YiE7dfyctQ==",
      "dev": true,
      "funding": [
        {
          "type": "github",
          "url": "https://github.com/sponsors/feross"
        },
        {
          "type": "patreon",
          "url": "https://www.patreon.com/feross"
        },
        {
          "type": "consulting",
          "url": "https://feross.org/support"
        }
      ],
      "engines": {
        "node": ">=4"
      }
    }
  },
  "dependencies": {
    "@faker-js/faker": {
      "version": "6.0.0",
      "resolved": "https://registry.npmjs.org/@faker-js/faker/-/faker-6.0.0.tgz",
      "integrity": "sha512-10zLCKhp3YEmBuko71ivcMoIZcCLXgQVck6aNswX+AWwaek/L8S3yz9i8m3tHigRkcF6F2vI+qtdtyySHK+bGA==",
      "dev": true
    },
    "axios": {
      "version": "0.26.1",
      "resolved": "https://registry.npmjs.org/axios/-/axios-0.26.1.tgz",
      "integrity": "sha512-fPwcX4EvnSHuInCMItEhAGnaSEXRBjtzh9fOtsE6E1G6p7vl7edEeZe11QHf18+6+9gR5PbKV/sGKNaD8YaMeA==",
      "dev": true,
      "peer": true,
      "requires": {
        "follow-redirects": "^1.14.8"
      }
    },
    "axios-mock-adapter": {
      "version": "1.20.0",
      "resolved": "https://registry.npmjs.org/axios-mock-adapter/-/axios-mock-adapter-1.20.0.tgz",
      "integrity": "sha512-shZRhTjLP0WWdcvHKf3rH3iW9deb3UdKbdnKUoHmmsnBhVXN3sjPJM6ZvQ2r/ywgvBVQrMnjrSyQab60G1sr2w==",
      "dev": true,
      "requires": {
        "fast-deep-equal": "^3.1.3",
        "is-blob": "^2.1.0",
        "is-buffer": "^2.0.5"
      }
    },
    "class-transformer": {
      "version": "0.5.1",
      "resolved": "https://registry.npmjs.org/class-transformer/-/class-transformer-0.5.1.tgz",
      "integrity": "sha512-SQa1Ws6hUbfC98vKGxZH3KFY0Y1lm5Zm0SY8XX9zbK7FJCyVEac3ATW0RIpwzW+oOfmHE5PMPufDG9hCfoEOMw=="
    },
    "fast-deep-equal": {
      "version": "3.1.3",
      "resolved": "https://registry.npmjs.org/fast-deep-equal/-/fast-deep-equal-3.1.3.tgz",
      "integrity": "sha512-f3qQ9oQy9j2AhBe/H9VC91wLmKBCCU/gDOnKNAYG5hswO7BLKj09Hc5HYNz9cGI++xlpDCIgDaitVs03ATR84Q==",
      "dev": true
    },
    "follow-redirects": {
      "version": "1.14.9",
      "resolved": "https://registry.npmjs.org/follow-redirects/-/follow-redirects-1.14.9.tgz",
      "integrity": "sha512-MQDfihBQYMcyy5dhRDJUHcw7lb2Pv/TuE6xP1vyraLukNDHKbDxDNaOE3NbCAdKQApno+GPRyo1YAp89yCjK4w==",
      "dev": true,
      "peer": true
    },
    "is-blob": {
      "version": "2.1.0",
      "resolved": "https://registry.npmjs.org/is-blob/-/is-blob-2.1.0.tgz",
      "integrity": "sha512-SZ/fTft5eUhQM6oF/ZaASFDEdbFVe89Imltn9uZr03wdKMcWNVYSMjQPFtg05QuNkt5l5c135ElvXEQG0rk4tw==",
      "dev": true
    },
    "is-buffer": {
      "version": "2.0.5",
      "resolved": "https://registry.npmjs.org/is-buffer/-/is-buffer-2.0.5.tgz",
      "integrity": "sha512-i2R6zNFDwgEHJyQUtJEk0XFi1i0dPFn/oqjK3/vPCcDeJvW5NQ83V8QbicfF1SupOaB0h8ntgBC2YiE7dfyctQ==",
      "dev": true
    }
  }
}
